
Microsoft Visual Studio Solution File, Format Version 12.00
# Visual Studio 14
VisualStudioVersion = 14.0.25420.1
MinimumVisualStudioVersion = 10.0.40219.1
Project("{FAE04EC0-301F-11D3-BF4B-00C04F79EFBC}") = "BreakingNewsTobiasOlsson", "BreakingNewsTobiasOlsson\BreakingNewsTobiasOlsson.csproj", "{61074A3A-2A71-49E7-A614-ACCF48D8A9C0}"
EndProject
Project("{FAE04EC0-301F-11D3-BF4B-00C04F79EFBC}") = "Interfaces", "Interfaces\Interfaces.csproj", "{41D1C8D0-F9FD-4C4D-B6DA-775FD387E5A7}"
EndProject
Global
	GlobalSection(SolutionConfigurationPlatforms) = preSolution
		Debug|Any CPU = Debug|Any CPU
		Release|Any CPU = Release|Any CPU
	EndGlobalSection
	GlobalSection(ProjectConfigurationPlatforms) = postSolution
		{61074A3A-2A71-49E7-A614-ACCF48D8A9C0}.Debug|Any CPU.ActiveCfg = Debug|Any CPU
		{61074A3A-2A71-49E7-A614-ACCF48D8A9C0}.Debug|Any CPU.Build.0 = Debug|Any CPU
		{61074A3A-2A71-49E7-A614-ACCF48D8A9C0}.Release|Any CPU.ActiveCfg = Release|Any CPU
		{61074A3A-2A71-49E7-A614-ACCF48D8A9C0}.Release|Any CPU.Build.0 = Release|Any CPU
		{41D1C8D0-F9FD-4C4D-B6DA-775FD387E5A7}.Debug|Any CPU.ActiveCfg = Debug|Any CPU
		{41D1C8D0-F9FD-4C4D-B6DA-775FD387E5A7}.Debug|Any CPU.Build.0 = Debug|Any CPU
		{41D1C8D0-F9FD-4C4D-B6DA-775FD387E5A7}.Release|Any CPU.ActiveCfg = Release|Any CPU
		{41D1C8D0-F9FD-4C4D-B6DA-775FD387E5A7}.Release|Any CPU.Build.0 = Release|Any CPU
	EndGlobalSection
	GlobalSection(SolutionProperties) = preSolution
		HideSolutionNode = FALSE
	EndGlobalSection
EndGlobal
